
Microsoft Visual Studio Solution File, Format Version 12.00
# Visual Studio 15
VisualStudioVersion = 15.0.27703.2047
MinimumVisualStudioVersion = 10.0.40219.1
Project("{9A19103F-16F7-4668-BE54-9A1E7A4F7556}") = "SqlBulkTools.NetStandard", "SqlBulkTools.NetStandard\SqlBulkTools.NetStandard.csproj", "{CE4F978A-AE8A-4F7B-8A2D-3E5A4B00D18F}"
EndProject
Project("{9A19103F-16F7-4668-BE54-9A1E7A4F7556}") = "SqlBulkTools.NetStandard.UnitTests", "SqlBulkTools.NetStandard.UnitTests\SqlBulkTools.NetStandard.UnitTests.csproj", "{F1E1BFDA-3509-477F-8CF6-A8CA312D60E6}"
EndProject
Project("{2150E333-8FDC-42A3-9474-1A3956D46DE8}") = "Solution Items", "Solution Items", "{F2D7AF6D-F749-4A80-9575-CF9AF919450D}"
	ProjectSection(SolutionItems) = preProject
		.travis.yml = .travis.yml
	EndProjectSection
EndProject
Global
	GlobalSection(SolutionConfigurationPlatforms) = preSolution
		Debug|Any CPU = Debug|Any CPU
		Release|Any CPU = Release|Any CPU
	EndGlobalSection
	GlobalSection(ProjectConfigurationPlatforms) = postSolution
		{CE4F978A-AE8A-4F7B-8A2D-3E5A4B00D18F}.Debug|Any CPU.ActiveCfg = Debug|Any CPU
		{CE4F978A-AE8A-4F7B-8A2D-3E5A4B00D18F}.Debug|Any CPU.Build.0 = Debug|Any CPU
		{CE4F978A-AE8A-4F7B-8A2D-3E5A4B00D18F}.Release|Any CPU.ActiveCfg = Release|Any CPU
		{CE4F978A-AE8A-4F7B-8A2D-3E5A4B00D18F}.Release|Any CPU.Build.0 = Release|Any CPU
		{F1E1BFDA-3509-477F-8CF6-A8CA312D60E6}.Debug|Any CPU.ActiveCfg = Debug|Any CPU
		{F1E1BFDA-3509-477F-8CF6-A8CA312D60E6}.Debug|Any CPU.Build.0 = Debug|Any CPU
		{F1E1BFDA-3509-477F-8CF6-A8CA312D60E6}.Release|Any CPU.ActiveCfg = Release|Any CPU
		{F1E1BFDA-3509-477F-8CF6-A8CA312D60E6}.Release|Any CPU.Build.0 = Release|Any CPU
	EndGlobalSection
	GlobalSection(SolutionProperties) = preSolution
		HideSolutionNode = FALSE
	EndGlobalSection
	GlobalSection(ExtensibilityGlobals) = postSolution
		SolutionGuid = {6B0A0416-D96B-455C-BC1A-C69A7ED35A6D}
	EndGlobalSection
EndGlobal
